
Microsoft Visual Studio Solution File, Format Version 12.00
# Visual Studio Version 16
VisualStudioVersion = 16.0.810.6
MinimumVisualStudioVersion = 10.0.40219.1
Project("{FAE04EC0-301F-11D3-BF4B-00C04F79EFBC}") = "did.jwt.vc.net", "did.jwt.vc.net.csproj", "{7F060772-24AC-4B08-A272-D8AAA0E10019}"
EndProject
Global
	GlobalSection(SolutionConfigurationPlatforms) = preSolution
		Debug|Any CPU = Debug|Any CPU
		Release|Any CPU = Release|Any CPU
	EndGlobalSection
	GlobalSection(ProjectConfigurationPlatforms) = postSolution
		{7F060772-24AC-4B08-A272-D8AAA0E10019}.Debug|Any CPU.ActiveCfg = Debug|Any CPU
		{7F060772-24AC-4B08-A272-D8AAA0E10019}.Debug|Any CPU.Build.0 = Debug|Any CPU
		{7F060772-24AC-4B08-A272-D8AAA0E10019}.Release|Any CPU.ActiveCfg = Release|Any CPU
		{7F060772-24AC-4B08-A272-D8AAA0E10019}.Release|Any CPU.Build.0 = Release|Any CPU
	EndGlobalSection
	GlobalSection(SolutionProperties) = preSolution
		HideSolutionNode = FALSE
	EndGlobalSection
	GlobalSection(ExtensibilityGlobals) = postSolution
		SolutionGuid = {A736FE07-9C5F-48C6-AF54-D80AB122E6D3}
	EndGlobalSection
EndGlobal
